{
  "name": "estime-resync",
  "version": "1.0.0",
  "lockfileVersion": 1,
  "requires": true,
  "dependencies": {
    "@types/estree": {
      "version": "0.0.45",
      "resolved": "http://r.tnpm.oa.com/@types/estree/download/@types/estree-0.0.45.tgz",
      "integrity": "sha1-6Th1cpmOXs2sIhlQ2rPow7Fq+IQ=",
      "dev": true
    },
    "@types/estree-jsx": {
      "version": "0.0.0",
      "resolved": "http://r.tnpm.oa.com/@types/estree-jsx/download/@types/estree-jsx-0.0.0.tgz",
      "integrity": "sha1-QUR9ABmhLdQ5hs0jyhsQ+aNQoXg=",
      "dev": true,
      "requires": {
        "@types/estree": "*"
      }
    },
    "acorn-walk": {
      "version": "7.2.0",
      "resolved": "http://r.tnpm.oa.com/acorn-walk/download/acorn-walk-7.2.0.tgz",
      "integrity": "sha1-DeiJpgEgOQmw++B7iTjcIdLpZ7w="
    }
  }
}
